{
  "nodes": {
    "flakeNimbleLib": {
      "inputs": {
        "nixpkgs": [
          "nixpkgs"
        ]
      },
      "locked": {
        "lastModified": 1662018438,
        "narHash": "sha256-QtNtU6+LX3Wokxf0zlFwKTFOcn6TeDjKQZ+DA9OYtvM=",
        "owner": "riinr",
        "repo": "nim-flakes-lib",
        "rev": "b1fe8340736e3a85d25c709ac3dfd82a55c03cbf",
        "type": "github"
      },
      "original": {
        "owner": "riinr",
        "ref": "master",
        "repo": "nim-flakes-lib",
        "type": "github"
      }
    },
    "nimstopwatch-master": {
      "inputs": {
        "flakeNimbleLib": [
          "flakeNimbleLib"
        ],
        "nixpkgs": [
          "nixpkgs"
        ],
        "src-nimstopwatch-master": "src-nimstopwatch-master"
      },
      "locked": {
        "dir": "master",
        "lastModified": 1667322516,
        "narHash": "sha256-38cNxFAKFAIoH5Jq8p84hQNgTCmjZ+PsG6G7NzR1YVE=",
        "owner": "nim-nix-pkgs",
        "repo": "nimstopwatch",
        "rev": "a07ef74b7c7d002fbddf92ee75a9e901d5968685",
        "type": "github"
      },
      "original": {
        "dir": "master",
        "owner": "nim-nix-pkgs",
        "ref": "master",
        "repo": "nimstopwatch",
        "type": "github"
      }
    },
    "nixpkgs": {
      "locked": {
        "lastModified": 1667199707,
        "narHash": "sha256-I2Js3Y7gUyVSEXPULHlBoRek4Lh85vnevdS6mdvDNLI=",
        "owner": "NixOS",
        "repo": "nixpkgs",
        "rev": "ced197be72099edcfa68ebed8b87af7b04851f45",
        "type": "github"
      },
      "original": {
        "id": "nixpkgs",
        "type": "indirect"
      }
    },
    "root": {
      "inputs": {
        "flakeNimbleLib": "flakeNimbleLib",
        "nimstopwatch-master": "nimstopwatch-master",
        "nixpkgs": "nixpkgs"
      }
    },
    "src-nimstopwatch-master": {
      "flake": false,
      "locked": {
        "lastModified": 1448391345,
        "narHash": "sha256-zh/jC4joHBGTvaC2vpOYrdyNM3As0BSlAYBuXQRR0HU=",
        "owner": "twist-vector",
        "repo": "nim-stopwatch",
        "rev": "6a06320cecd19ea413415b9c0fb3340a53673d52",
        "type": "github"
      },
      "original": {
        "owner": "twist-vector",
        "ref": "refs/heads/master",
        "repo": "nim-stopwatch",
        "type": "github"
      }
    }
  },
  "root": "root",
  "version": 7
}
